{
  "name": "hroas",
  "lockfileVersion": 3,
  "requires": true,
  "packages": {
    "": {
      "dependencies": {
        "email": "^0.2.6",
        "os": "^0.1.2"
      }
    },
    "node_modules/email": {
      "version": "0.2.6",
      "resolved": "https://registry.npmjs.org/email/-/email-0.2.6.tgz",
      "integrity": "sha512-SwN1r7cKBBOQMHHM5Poc81Ke/1cWVoSRdE5ineUXIHi+o2zZ68Q/9dsZf+CQuROb1IZIPmWSR2AKhyYZr+Jw9Q==",
      "deprecated": "This package is no longer maintained.",
      "engines": {
        "node": ">= 0.1.92"
      }
    },
    "node_modules/os": {
      "version": "0.1.2",
      "resolved": "https://registry.npmjs.org/os/-/os-0.1.2.tgz",
      "integrity": "sha512-ZoXJkvAnljwvc56MbvhtKVWmSkzV712k42Is2mA0+0KTSRakq5XXuXpjZjgAt9ctzl51ojhQWakQQpmOvXWfjQ==",
      "license": "MIT"
    }
  }
}
